<?xml version="1.0" encoding="utf-8"?>
<Project ToolsVersion="4.0" xmlns="http://schemas.microsoft.com/developer/msbuild/2003">
  <ItemGroup>
    <Filter Include="源文件">
      <UniqueIdentifier>{4FC737F1-C7A5-4376-A066-2A32D752A2FF}</UniqueIdentifier>
      <Extensions>cpp;c;cc;cxx;def;odl;idl;hpj;bat;asm;asmx</Extensions>
    </Filter>
    <Filter Include="头文件">
      <UniqueIdentifier>{93995380-89BD-4b04-88EB-625FBE52EBFB}</UniqueIdentifier>
      <Extensions>h;hh;hpp;hxx;hm;inl;inc;ipp;xsd</Extensions>
    </Filter>
    <Filter Include="资源文件">
      <UniqueIdentifier>{67DA6AB6-F800-4c08-8B7A-83BB121AAD01}</UniqueIdentifier>
      <Extensions>rc;ico;cur;bmp;dlg;rc2;rct;bin;rgs;gif;jpg;jpeg;jpe;resx;tiff;tif;png;wav;mfcribbon-ms</Extensions>
    </Filter>
  </ItemGroup>
  <ItemGroup>
    <ClCompile Include="Entity\Entity.cpp">
      <Filter>源文件</Filter>
    </ClCompile>
    <ClCompile Include="Entity\EntityLiving.cpp">
      <Filter>源文件</Filter>
    </ClCompile>
    <ClCompile Include="Entity\EntityPlayerTribe.cpp">
      <Filter>源文件</Filter>
    </ClCompile>
    <ClCompile Include="Entity\EntityItem.cpp">
      <Filter>源文件</Filter>
    </ClCompile>
    <ClCompile Include="Entity\EntityEnergy.cpp">
      <Filter>源文件</Filter>
    </ClCompile>
    <ClCompile Include="Json\cJSON.c">
      <Filter>源文件</Filter>
    </ClCompile>
    <ClCompile Include="Json\CJsonObject.cpp">
      <Filter>源文件</Filter>
    </ClCompile>
    <ClCompile Include="EventController.cpp">
      <Filter>源文件</Filter>
    </ClCompile>
    <ClCompile Include="EvolutionController.cpp">
      <Filter>源文件</Filter>
    </ClCompile>
    <ClCompile Include="game.cpp">
      <Filter>源文件</Filter>
    </ClCompile>
    <ClCompile Include="MapController.cpp">
      <Filter>源文件</Filter>
    </ClCompile>
    <ClCompile Include="Graph\slr.cpp">
      <Filter>源文件</Filter>
    </ClCompile>
    <ClCompile Include="Entity\EntityVirus.cpp">
      <Filter>源文件</Filter>
    </ClCompile>
    <ClCompile Include="Entity\EntityBaseTribe.cpp">
      <Filter>源文件</Filter>
    </ClCompile>
  </ItemGroup>
  <ItemGroup>
    <ClInclude Include="Entity\Entity.h">
      <Filter>头文件</Filter>
    </ClInclude>
    <ClInclude Include="Entity\EntityLiving.h">
      <Filter>头文件</Filter>
    </ClInclude>
    <ClInclude Include="Entity\EntityPlayerTribe.h">
      <Filter>头文件</Filter>
    </ClInclude>
    <ClInclude Include="Entity\EntityItem.h">
      <Filter>头文件</Filter>
    </ClInclude>
    <ClInclude Include="Entity\EntityEnergy.h">
      <Filter>头文件</Filter>
    </ClInclude>
    <ClInclude Include="Json\cJSON.h">
      <Filter>头文件</Filter>
    </ClInclude>
    <ClInclude Include="Json\CJsonObject.h">
      <Filter>头文件</Filter>
    </ClInclude>
    <ClInclude Include="Graph\sl.h">
      <Filter>头文件</Filter>
    </ClInclude>
    <ClInclude Include="Graph\slr.h">
      <Filter>头文件</Filter>
    </ClInclude>
    <ClInclude Include="EventController.h">
      <Filter>头文件</Filter>
    </ClInclude>
    <ClInclude Include="EvolutionController.h">
      <Filter>头文件</Filter>
    </ClInclude>
    <ClInclude Include="game.h">
      <Filter>头文件</Filter>
    </ClInclude>
    <ClInclude Include="MapController.h">
      <Filter>头文件</Filter>
    </ClInclude>
    <ClInclude Include="Entity\EntityVirus.h">
      <Filter>头文件</Filter>
    </ClInclude>
    <ClInclude Include="Entity\EntityBaseTribe.h">
      <Filter>头文件</Filter>
    </ClInclude>
  </ItemGroup>
  <ItemGroup>
    <Library Include="Graph\sigil.lib" />
  </ItemGroup>
  <ItemGroup>
    <None Include="Graph\sigil.dll" />
  </ItemGroup>
</Project>